
Microsoft Visual Studio Solution File, Format Version 11.00
# Visual Studio 2010
Project("{FAE04EC0-301F-11D3-BF4B-00C04F79EFBC}") = "calc2", "calc2\calc2.csproj", "{FAD42E8C-CB88-4873-BEE7-57B5F4A1FE0C}"
EndProject
Project("{FAE04EC0-301F-11D3-BF4B-00C04F79EFBC}") = "calc2.Tests", "calc2.Tests\calc2.Tests.csproj", "{DC5E2F56-9EC7-4AE4-BFC4-7080E17A8F0D}"
EndProject
Global
	GlobalSection(SolutionConfigurationPlatforms) = preSolution
		Debug|Any CPU = Debug|Any CPU
		Release|Any CPU = Release|Any CPU
	EndGlobalSection
	GlobalSection(ProjectConfigurationPlatforms) = postSolution
		{FAD42E8C-CB88-4873-BEE7-57B5F4A1FE0C}.Debug|Any CPU.ActiveCfg = Debug|Any CPU
		{FAD42E8C-CB88-4873-BEE7-57B5F4A1FE0C}.Debug|Any CPU.Build.0 = Debug|Any CPU
		{FAD42E8C-CB88-4873-BEE7-57B5F4A1FE0C}.Release|Any CPU.ActiveCfg = Release|Any CPU
		{FAD42E8C-CB88-4873-BEE7-57B5F4A1FE0C}.Release|Any CPU.Build.0 = Release|Any CPU
		{DC5E2F56-9EC7-4AE4-BFC4-7080E17A8F0D}.Debug|Any CPU.ActiveCfg = Debug|Any CPU
		{DC5E2F56-9EC7-4AE4-BFC4-7080E17A8F0D}.Debug|Any CPU.Build.0 = Debug|Any CPU
		{DC5E2F56-9EC7-4AE4-BFC4-7080E17A8F0D}.Release|Any CPU.ActiveCfg = Release|Any CPU
		{DC5E2F56-9EC7-4AE4-BFC4-7080E17A8F0D}.Release|Any CPU.Build.0 = Release|Any CPU
	EndGlobalSection
	GlobalSection(SolutionProperties) = preSolution
		HideSolutionNode = FALSE
	EndGlobalSection
EndGlobal
